
Microsoft Visual Studio Solution File, Format Version 12.00
# Visual Studio Version 16
VisualStudioVersion = 16.0.30907.101
MinimumVisualStudioVersion = 10.0.40219.1
Project("{FAE04EC0-301F-11D3-BF4B-00C04F79EFBC}") = "test_314", "test_314\test_314.csproj", "{ADE0B1EA-0633-45C9-B16A-8F7000608E8A}"
EndProject
Global
	GlobalSection(SolutionConfigurationPlatforms) = preSolution
		Debug|Any CPU = Debug|Any CPU
		Release|Any CPU = Release|Any CPU
	EndGlobalSection
	GlobalSection(ProjectConfigurationPlatforms) = postSolution
		{ADE0B1EA-0633-45C9-B16A-8F7000608E8A}.Debug|Any CPU.ActiveCfg = Debug|Any CPU
		{ADE0B1EA-0633-45C9-B16A-8F7000608E8A}.Debug|Any CPU.Build.0 = Debug|Any CPU
		{ADE0B1EA-0633-45C9-B16A-8F7000608E8A}.Release|Any CPU.ActiveCfg = Release|Any CPU
		{ADE0B1EA-0633-45C9-B16A-8F7000608E8A}.Release|Any CPU.Build.0 = Release|Any CPU
	EndGlobalSection
	GlobalSection(SolutionProperties) = preSolution
		HideSolutionNode = FALSE
	EndGlobalSection
	GlobalSection(ExtensibilityGlobals) = postSolution
		SolutionGuid = {FD279FF3-54EC-410B-9119-41141942414B}
	EndGlobalSection
EndGlobal
